
Microsoft Visual Studio Solution File, Format Version 12.00
# Visual Studio Version 16
VisualStudioVersion = 16.0.28803.452
MinimumVisualStudioVersion = 10.0.40219.1
Project("{FAE04EC0-301F-11D3-BF4B-00C04F79EFBC}") = "MyStrings", "MyStrings\MyStrings.csproj", "{4AFAFA2D-191D-42C8-8BB0-13CF591F3E25}"
EndProject
Project("{FAE04EC0-301F-11D3-BF4B-00C04F79EFBC}") = "ReadStuff", "ReadStuff\ReadStuff.csproj", "{62770581-39CC-42AD-8C99-22AE57D84D9D}"
EndProject
Project("{FAE04EC0-301F-11D3-BF4B-00C04F79EFBC}") = "WorkingWithString", "WorkingWithString\WorkingWithString.csproj", "{9539D581-13CF-48D7-BAC3-0C5DBCF2FD37}"
EndProject
Global
	GlobalSection(SolutionConfigurationPlatforms) = preSolution
		Debug|Any CPU = Debug|Any CPU
		Release|Any CPU = Release|Any CPU
	EndGlobalSection
	GlobalSection(ProjectConfigurationPlatforms) = postSolution
		{4AFAFA2D-191D-42C8-8BB0-13CF591F3E25}.Debug|Any CPU.ActiveCfg = Debug|Any CPU
		{4AFAFA2D-191D-42C8-8BB0-13CF591F3E25}.Debug|Any CPU.Build.0 = Debug|Any CPU
		{4AFAFA2D-191D-42C8-8BB0-13CF591F3E25}.Release|Any CPU.ActiveCfg = Release|Any CPU
		{4AFAFA2D-191D-42C8-8BB0-13CF591F3E25}.Release|Any CPU.Build.0 = Release|Any CPU
		{62770581-39CC-42AD-8C99-22AE57D84D9D}.Debug|Any CPU.ActiveCfg = Debug|Any CPU
		{62770581-39CC-42AD-8C99-22AE57D84D9D}.Debug|Any CPU.Build.0 = Debug|Any CPU
		{62770581-39CC-42AD-8C99-22AE57D84D9D}.Release|Any CPU.ActiveCfg = Release|Any CPU
		{62770581-39CC-42AD-8C99-22AE57D84D9D}.Release|Any CPU.Build.0 = Release|Any CPU
		{9539D581-13CF-48D7-BAC3-0C5DBCF2FD37}.Debug|Any CPU.ActiveCfg = Debug|Any CPU
		{9539D581-13CF-48D7-BAC3-0C5DBCF2FD37}.Debug|Any CPU.Build.0 = Debug|Any CPU
		{9539D581-13CF-48D7-BAC3-0C5DBCF2FD37}.Release|Any CPU.ActiveCfg = Release|Any CPU
		{9539D581-13CF-48D7-BAC3-0C5DBCF2FD37}.Release|Any CPU.Build.0 = Release|Any CPU
	EndGlobalSection
	GlobalSection(SolutionProperties) = preSolution
		HideSolutionNode = FALSE
	EndGlobalSection
	GlobalSection(ExtensibilityGlobals) = postSolution
		SolutionGuid = {CE5F24FD-6221-41FD-A283-E7DD1EB9E535}
	EndGlobalSection
EndGlobal
